
Microsoft Visual Studio Solution File, Format Version 12.00
# Visual Studio Version 17
VisualStudioVersion = 17.12.35527.113 d17.12
MinimumVisualStudioVersion = 10.0.40219.1
Project("{C9674DCB-5085-4A16-B785-4C70DD1589BD}") = "SSIS PROJECT", "SSIS PROJECT\SSIS PROJECT.dtproj", "{0E90BE45-2377-497D-BF3F-C5E1B1F980E3}"
EndProject
Global
	GlobalSection(SolutionConfigurationPlatforms) = preSolution
		Development|Default = Development|Default
	EndGlobalSection
	GlobalSection(ProjectConfigurationPlatforms) = postSolution
		{0E90BE45-2377-497D-BF3F-C5E1B1F980E3}.Development|Default.ActiveCfg = Development
		{0E90BE45-2377-497D-BF3F-C5E1B1F980E3}.Development|Default.Build.0 = Development
	EndGlobalSection
	GlobalSection(SolutionProperties) = preSolution
		HideSolutionNode = FALSE
	EndGlobalSection
EndGlobal
